
Microsoft Visual Studio Solution File, Format Version 12.00
# Visual Studio Version 16
VisualStudioVersion = 16.0.30611.23
MinimumVisualStudioVersion = 10.0.40219.1
Project("{FAE04EC0-301F-11D3-BF4B-00C04F79EFBC}") = "Joint.CQRS.Queries", "Joint.CQRS.Queries\Joint.CQRS.Queries.csproj", "{4873A9C4-5509-44FC-975B-12C7B9077F48}"
EndProject
Global
	GlobalSection(SolutionConfigurationPlatforms) = preSolution
		Debug|Any CPU = Debug|Any CPU
		Release|Any CPU = Release|Any CPU
	EndGlobalSection
	GlobalSection(ProjectConfigurationPlatforms) = postSolution
		{4873A9C4-5509-44FC-975B-12C7B9077F48}.Debug|Any CPU.ActiveCfg = Debug|Any CPU
		{4873A9C4-5509-44FC-975B-12C7B9077F48}.Debug|Any CPU.Build.0 = Debug|Any CPU
		{4873A9C4-5509-44FC-975B-12C7B9077F48}.Release|Any CPU.ActiveCfg = Release|Any CPU
		{4873A9C4-5509-44FC-975B-12C7B9077F48}.Release|Any CPU.Build.0 = Release|Any CPU
	EndGlobalSection
	GlobalSection(SolutionProperties) = preSolution
		HideSolutionNode = FALSE
	EndGlobalSection
	GlobalSection(ExtensibilityGlobals) = postSolution
		SolutionGuid = {E8BAA3CA-61DD-4917-8979-BFA249B13413}
	EndGlobalSection
EndGlobal
